
Microsoft Visual Studio Solution File, Format Version 12.00
# Visual Studio Version 17
VisualStudioVersion = 17.14.36603.0 d17.14
MinimumVisualStudioVersion = 10.0.40219.1
Project("{FAE04EC0-301F-11D3-BF4B-00C04F79EFBC}") = "ValetaxTest", "ValetaxTest.csproj", "{23350EBA-01F2-4C11-9923-2B21025D8C58}"
EndProject
Global
	GlobalSection(SolutionConfigurationPlatforms) = preSolution
		Debug|Any CPU = Debug|Any CPU
		Release|Any CPU = Release|Any CPU
	EndGlobalSection
	GlobalSection(ProjectConfigurationPlatforms) = postSolution
		{23350EBA-01F2-4C11-9923-2B21025D8C58}.Debug|Any CPU.ActiveCfg = Debug|Any CPU
		{23350EBA-01F2-4C11-9923-2B21025D8C58}.Debug|Any CPU.Build.0 = Debug|Any CPU
		{23350EBA-01F2-4C11-9923-2B21025D8C58}.Release|Any CPU.ActiveCfg = Release|Any CPU
		{23350EBA-01F2-4C11-9923-2B21025D8C58}.Release|Any CPU.Build.0 = Release|Any CPU
	EndGlobalSection
	GlobalSection(SolutionProperties) = preSolution
		HideSolutionNode = FALSE
	EndGlobalSection
	GlobalSection(ExtensibilityGlobals) = postSolution
		SolutionGuid = {62293C07-8A4F-4E47-9D69-324449086920}
	EndGlobalSection
EndGlobal
